
Microsoft Visual Studio Solution File, Format Version 12.00
# Visual Studio Version 17
VisualStudioVersion = 17.0.31903.59
MinimumVisualStudioVersion = 10.0.40219.1
Project("{9A19103F-16F7-4668-BE54-9A1E7A4F7556}") = "Corretora.Identidade.API", "Corretora.Identidade.API\Corretora.Identidade.API.csproj", "{DF1B34F9-E34D-49CB-B530-4B138C8AB3F1}"
EndProject
Project("{9A19103F-16F7-4668-BE54-9A1E7A4F7556}") = "Corretora.Identidade.Core", "Corretora.Identidade.Core\Corretora.Identidade.Core.csproj", "{FE4CB2C8-261C-4328-A9CE-472FE2517223}"
EndProject
Project("{9A19103F-16F7-4668-BE54-9A1E7A4F7556}") = "Corretora.Identidade.CrossCutting.IoC", "Corretora.Identidade.CrossCutting.IoC\Corretora.Identidade.CrossCutting.IoC.csproj", "{8095B17C-6EF6-4F5B-9778-BFD763CC8AC1}"
EndProject
Project("{9A19103F-16F7-4668-BE54-9A1E7A4F7556}") = "Corretora.Identidade.Infra", "Corretora.Identidade.Infra\Corretora.Identidade.Infra.csproj", "{02A431FD-433A-4AE4-8949-0D717300FE61}"
EndProject
Project("{FAE04EC0-301F-11D3-BF4B-00C04F79EFBC}") = "Corretora.Identidade.API.Tests", "Corretora.Identidade.API.Tests\Corretora.Identidade.API.Tests.csproj", "{7576683F-BF4A-477A-B21E-AEE3BE016F94}"
EndProject
Global
	GlobalSection(SolutionConfigurationPlatforms) = preSolution
		Debug|Any CPU = Debug|Any CPU
		Release|Any CPU = Release|Any CPU
	EndGlobalSection
	GlobalSection(ProjectConfigurationPlatforms) = postSolution
		{DF1B34F9-E34D-49CB-B530-4B138C8AB3F1}.Debug|Any CPU.ActiveCfg = Debug|Any CPU
		{DF1B34F9-E34D-49CB-B530-4B138C8AB3F1}.Debug|Any CPU.Build.0 = Debug|Any CPU
		{DF1B34F9-E34D-49CB-B530-4B138C8AB3F1}.Release|Any CPU.ActiveCfg = Release|Any CPU
		{DF1B34F9-E34D-49CB-B530-4B138C8AB3F1}.Release|Any CPU.Build.0 = Release|Any CPU
		{FE4CB2C8-261C-4328-A9CE-472FE2517223}.Debug|Any CPU.ActiveCfg = Debug|Any CPU
		{FE4CB2C8-261C-4328-A9CE-472FE2517223}.Debug|Any CPU.Build.0 = Debug|Any CPU
		{FE4CB2C8-261C-4328-A9CE-472FE2517223}.Release|Any CPU.ActiveCfg = Release|Any CPU
		{FE4CB2C8-261C-4328-A9CE-472FE2517223}.Release|Any CPU.Build.0 = Release|Any CPU
		{8095B17C-6EF6-4F5B-9778-BFD763CC8AC1}.Debug|Any CPU.ActiveCfg = Debug|Any CPU
		{8095B17C-6EF6-4F5B-9778-BFD763CC8AC1}.Debug|Any CPU.Build.0 = Debug|Any CPU
		{8095B17C-6EF6-4F5B-9778-BFD763CC8AC1}.Release|Any CPU.ActiveCfg = Release|Any CPU
		{8095B17C-6EF6-4F5B-9778-BFD763CC8AC1}.Release|Any CPU.Build.0 = Release|Any CPU
		{02A431FD-433A-4AE4-8949-0D717300FE61}.Debug|Any CPU.ActiveCfg = Debug|Any CPU
		{02A431FD-433A-4AE4-8949-0D717300FE61}.Debug|Any CPU.Build.0 = Debug|Any CPU
		{02A431FD-433A-4AE4-8949-0D717300FE61}.Release|Any CPU.ActiveCfg = Release|Any CPU
		{02A431FD-433A-4AE4-8949-0D717300FE61}.Release|Any CPU.Build.0 = Release|Any CPU
		{7576683F-BF4A-477A-B21E-AEE3BE016F94}.Debug|Any CPU.ActiveCfg = Debug|Any CPU
		{7576683F-BF4A-477A-B21E-AEE3BE016F94}.Debug|Any CPU.Build.0 = Debug|Any CPU
		{7576683F-BF4A-477A-B21E-AEE3BE016F94}.Release|Any CPU.ActiveCfg = Release|Any CPU
		{7576683F-BF4A-477A-B21E-AEE3BE016F94}.Release|Any CPU.Build.0 = Release|Any CPU
	EndGlobalSection
	GlobalSection(SolutionProperties) = preSolution
		HideSolutionNode = FALSE
	EndGlobalSection
	GlobalSection(ExtensibilityGlobals) = postSolution
		SolutionGuid = {06BC87F0-00D7-4663-9156-4F8142CFB0F6}
	EndGlobalSection
EndGlobal
